// !$*UTF8*$!
{
	archiveVersion = 1;
	classes = {
	};
	objectVersion = 55;
	objects = {

/* Begin PBXBuildFile section */
		F32D7D3A2926188B00ED2367 /* Answer.swift in Sources */ = {isa = PBXBuildFile; fileRef = F32D7D392926188B00ED2367 /* Answer.swift */; };
		F32D7D3C292618F000ED2367 /* ResponseType.swift in Sources */ = {isa = PBXBuildFile; fileRef = F32D7D3B292618F000ED2367 /* ResponseType.swift */; };
		F32D7D3E2926197C00ED2367 /* AnimalType.swift in Sources */ = {isa = PBXBuildFile; fileRef = F32D7D3D2926197C00ED2367 /* AnimalType.swift */; };
		F32D7D40292790E000ED2367 /* QuestionViewController.swift in Sources */ = {isa = PBXBuildFile; fileRef = F32D7D3F292790E000ED2367 /* QuestionViewController.swift */; };
		F32D7D422927913A00ED2367 /* ResultsViewController.swift in Sources */ = {isa = PBXBuildFile; fileRef = F32D7D412927913A00ED2367 /* ResultsViewController.swift */; };
		F34F71AB292597F0005666B5 /* AppDelegate.swift in Sources */ = {isa = PBXBuildFile; fileRef = F34F71AA292597F0005666B5 /* AppDelegate.swift */; };
		F34F71AD292597F0005666B5 /* SceneDelegate.swift in Sources */ = {isa = PBXBuildFile; fileRef = F34F71AC292597F0005666B5 /* SceneDelegate.swift */; };
		F34F71AF292597F0005666B5 /* IntroductionViewController.swift in Sources */ = {isa = PBXBuildFile; fileRef = F34F71AE292597F0005666B5 /* IntroductionViewController.swift */; };
		F34F71B2292597F0005666B5 /* Main.storyboard in Resources */ = {isa = PBXBuildFile; fileRef = F34F71B0292597F0005666B5 /* Main.storyboard */; };
		F34F71B4292597F2005666B5 /* Assets.xcassets in Resources */ = {isa = PBXBuildFile; fileRef = F34F71B3292597F2005666B5 /* Assets.xcassets */; };
		F34F71B7292597F2005666B5 /* LaunchScreen.storyboard in Resources */ = {isa = PBXBuildFile; fileRef = F34F71B5292597F2005666B5 /* LaunchScreen.storyboard */; };
		F34F71C229259F54005666B5 /* Question.swift in Sources */ = {isa = PBXBuildFile; fileRef = F34F71C129259F54005666B5 /* Question.swift */; };
/* End PBXBuildFile section */

/* Begin PBXFileReference section */
		F32D7D392926188B00ED2367 /* Answer.swift */ = {isa = PBXFileReference; lastKnownFileType = sourcecode.swift; path = Answer.swift; sourceTree = "<group>"; };
		F32D7D3B292618F000ED2367 /* ResponseType.swift */ = {isa = PBXFileReference; lastKnownFileType = sourcecode.swift; path = ResponseType.swift; sourceTree = "<group>"; };
		F32D7D3D2926197C00ED2367 /* AnimalType.swift */ = {isa = PBXFileReference; lastKnownFileType = sourcecode.swift; path = AnimalType.swift; sourceTree = "<group>"; };
		F32D7D3F292790E000ED2367 /* QuestionViewController.swift */ = {isa = PBXFileReference; lastKnownFileType = sourcecode.swift; path = QuestionViewController.swift; sourceTree = "<group>"; };
		F32D7D412927913A00ED2367 /* ResultsViewController.swift */ = {isa = PBXFileReference; lastKnownFileType = sourcecode.swift; path = ResultsViewController.swift; sourceTree = "<group>"; };
		F34F71A7292597F0005666B5 /* Personal Quiz.app */ = {isa = PBXFileReference; explicitFileType = wrapper.application; includeInIndex = 0; path = "Personal Quiz.app"; sourceTree = BUILT_PRODUCTS_DIR; };
		F34F71AA292597F0005666B5 /* AppDelegate.swift */ = {isa = PBXFileReference; lastKnownFileType = sourcecode.swift; path = AppDelegate.swift; sourceTree = "<group>"; };
		F34F71AC292597F0005666B5 /* SceneDelegate.swift */ = {isa = PBXFileReference; lastKnownFileType = sourcecode.swift; path = SceneDelegate.swift; sourceTree = "<group>"; };
		F34F71AE292597F0005666B5 /* IntroductionViewController.swift */ = {isa = PBXFileReference; lastKnownFileType = sourcecode.swift; path = IntroductionViewController.swift; sourceTree = "<group>"; };
		F34F71B1292597F0005666B5 /* Base */ = {isa = PBXFileReference; lastKnownFileType = file.storyboard; name = Base; path = Base.lproj/Main.storyboard; sourceTree = "<group>"; };
		F34F71B3292597F2005666B5 /* Assets.xcassets */ = {isa = PBXFileReference; lastKnownFileType = folder.assetcatalog; path = Assets.xcassets; sourceTree = "<group>"; };
		F34F71B6292597F2005666B5 /* Base */ = {isa = PBXFileReference; lastKnownFileType = file.storyboard; name = Base; path = Base.lproj/LaunchScreen.storyboard; sourceTree = "<group>"; };
		F34F71B8292597F2005666B5 /* Info.plist */ = {isa = PBXFileReference; lastKnownFileType = text.plist.xml; path = Info.plist; sourceTree = "<group>"; };
		F34F71C129259F54005666B5 /* Question.swift */ = {isa = PBXFileReference; lastKnownFileType = sourcecode.swift; path = Question.swift; sourceTree = "<group>"; };
		F34F71C52925A00C005666B5 /* libinfo.tbd */ = {isa = PBXFileReference; lastKnownFileType = "sourcecode.text-based-dylib-definition"; name = libinfo.tbd; path = usr/lib/libinfo.tbd; sourceTree = SDKROOT; };
/* End PBXFileReference section */

/* Begin PBXFrameworksBuildPhase section */
		F34F71A4292597F0005666B5 /* Frameworks */ = {
			isa = PBXFrameworksBuildPhase;
			buildActionMask = 2147483647;
			files = (
			);
			runOnlyForDeploymentPostprocessing = 0;
		};
/* End PBXFrameworksBuildPhase section */

/* Begin PBXGroup section */
		F34F719E292597F0005666B5 = {
			isa = PBXGroup;
			children = (
				F34F71A9292597F0005666B5 /* Personal Quiz */,
				F34F71A8292597F0005666B5 /* Products */,
				F34F71C42925A00C005666B5 /* Frameworks */,
			);
			sourceTree = "<group>";
		};
		F34F71A8292597F0005666B5 /* Products */ = {
			isa = PBXGroup;
			children = (
				F34F71A7292597F0005666B5 /* Personal Quiz.app */,
			);
			name = Products;
			sourceTree = "<group>";
		};
		F34F71A9292597F0005666B5 /* Personal Quiz */ = {
			isa = PBXGroup;
			children = (
				F34F71C029259F4A005666B5 /* Model */,
				F34F71BF29259F40005666B5 /* View */,
				F34F71C329259F6A005666B5 /* Suporting Files */,
				F34F71BE29259F39005666B5 /* Controller */,
				F34F71B3292597F2005666B5 /* Assets.xcassets */,
				F34F71AC292597F0005666B5 /* SceneDelegate.swift */,
				F34F71B8292597F2005666B5 /* Info.plist */,
			);
			path = "Personal Quiz";
			sourceTree = "<group>";
		};
		F34F71BE29259F39005666B5 /* Controller */ = {
			isa = PBXGroup;
			children = (
				F34F71AE292597F0005666B5 /* IntroductionViewController.swift */,
				F32D7D3F292790E000ED2367 /* QuestionViewController.swift */,
				F32D7D412927913A00ED2367 /* ResultsViewController.swift */,
			);
			path = Controller;
			sourceTree = "<group>";
		};
		F34F71BF29259F40005666B5 /* View */ = {
			isa = PBXGroup;
			children = (
				F34F71B5292597F2005666B5 /* LaunchScreen.storyboard */,
				F34F71B0292597F0005666B5 /* Main.storyboard */,
			);
			path = View;
			sourceTree = "<group>";
		};
		F34F71C029259F4A005666B5 /* Model */ = {
			isa = PBXGroup;
			children = (
				F34F71C129259F54005666B5 /* Question.swift */,
				F32D7D392926188B00ED2367 /* Answer.swift */,
				F32D7D3D2926197C00ED2367 /* AnimalType.swift */,
				F32D7D3B292618F000ED2367 /* ResponseType.swift */,
			);
			path = Model;
			sourceTree = "<group>";
		};
		F34F71C329259F6A005666B5 /* Suporting Files */ = {
			isa = PBXGroup;
			children = (
				F34F71AA292597F0005666B5 /* AppDelegate.swift */,
			);
			path = "Suporting Files";
			sourceTree = "<group>";
		};
		F34F71C42925A00C005666B5 /* Frameworks */ = {
			isa = PBXGroup;
			children = (
				F34F71C52925A00C005666B5 /* libinfo.tbd */,
			);
			name = Frameworks;
			sourceTree = "<group>";
		};
/* End PBXGroup section */

/* Begin PBXNativeTarget section */
		F34F71A6292597F0005666B5 /* Personal Quiz */ = {
			isa = PBXNativeTarget;
			buildConfigurationList = F34F71BB292597F2005666B5 /* Build configuration list for PBXNativeTarget "Personal Quiz" */;
			buildPhases = (
				F34F71A3292597F0005666B5 /* Sources */,
				F34F71A4292597F0005666B5 /* Frameworks */,
				F34F71A5292597F0005666B5 /* Resources */,
			);
			buildRules = (
			);
			dependencies = (
			);
			name = "Personal Quiz";
			productName = "Personal Quiz";
			productReference = F34F71A7292597F0005666B5 /* Personal Quiz.app */;
			productType = "com.apple.product-type.application";
		};
/* End PBXNativeTarget section */

/* Begin PBXProject section */
		F34F719F292597F0005666B5 /* Project object */ = {
			isa = PBXProject;
			attributes = {
				BuildIndependentTargetsInParallel = 1;
				LastSwiftUpdateCheck = 1340;
				LastUpgradeCheck = 1340;
				TargetAttributes = {
					F34F71A6292597F0005666B5 = {
						CreatedOnToolsVersion = 13.4.1;
					};
				};
			};
			buildConfigurationList = F34F71A2292597F0005666B5 /* Build configuration list for PBXProject "Personal Quiz" */;
			compatibilityVersion = "Xcode 13.0";
			developmentRegion = en;
			hasScannedForEncodings = 0;
			knownRegions = (
				en,
				Base,
			);
			mainGroup = F34F719E292597F0005666B5;
			productRefGroup = F34F71A8292597F0005666B5 /* Products */;
			projectDirPath = "";
			projectRoot = "";
			targets = (
				F34F71A6292597F0005666B5 /* Personal Quiz */,
			);
		};
/* End PBXProject section */

/* Begin PBXResourcesBuildPhase section */
		F34F71A5292597F0005666B5 /* Resources */ = {
			isa = PBXResourcesBuildPhase;
			buildActionMask = 2147483647;
			files = (
				F34F71B7292597F2005666B5 /* LaunchScreen.storyboard in Resources */,
				F34F71B4292597F2005666B5 /* Assets.xcassets in Resources */,
				F34F71B2292597F0005666B5 /* Main.storyboard in Resources */,
			);
			runOnlyForDeploymentPostprocessing = 0;
		};
/* End PBXResourcesBuildPhase section */

/* Begin PBXSourcesBuildPhase section */
		F34F71A3292597F0005666B5 /* Sources */ = {
			isa = PBXSourcesBuildPhase;
			buildActionMask = 2147483647;
			files = (
				F34F71AF292597F0005666B5 /* IntroductionViewController.swift in Sources */,
				F34F71C229259F54005666B5 /* Question.swift in Sources */,
				F32D7D3C292618F000ED2367 /* ResponseType.swift in Sources */,
				F32D7D3A2926188B00ED2367 /* Answer.swift in Sources */,
				F34F71AB292597F0005666B5 /* AppDelegate.swift in Sources */,
				F32D7D422927913A00ED2367 /* ResultsViewController.swift in Sources */,
				F34F71AD292597F0005666B5 /* SceneDelegate.swift in Sources */,
				F32D7D40292790E000ED2367 /* QuestionViewController.swift in Sources */,
				F32D7D3E2926197C00ED2367 /* AnimalType.swift in Sources */,
			);
			runOnlyForDeploymentPostprocessing = 0;
		};
/* End PBXSourcesBuildPhase section */

/* Begin PBXVariantGroup section */
		F34F71B0292597F0005666B5 /* Main.storyboard */ = {
			isa = PBXVariantGroup;
			children = (
				F34F71B1292597F0005666B5 /* Base */,
			);
			name = Main.storyboard;
			sourceTree = "<group>";
		};
		F34F71B5292597F2005666B5 /* LaunchScreen.storyboard */ = {
			isa = PBXVariantGroup;
			children = (
				F34F71B6292597F2005666B5 /* Base */,
			);
			name = LaunchScreen.storyboard;
			sourceTree = "<group>";
		};
/* End PBXVariantGroup section */

/* Begin XCBuildConfiguration section */
		F34F71B9292597F2005666B5 /* Debug */ = {
			isa = XCBuildConfiguration;
			buildSettings = {
				ALWAYS_SEARCH_USER_PATHS = NO;
				CLANG_ANALYZER_NONNULL = YES;
				CLANG_ANALYZER_NUMBER_OBJECT_CONVERSION = YES_AGGRESSIVE;
				CLANG_CXX_LANGUAGE_STANDARD = "gnu++17";
				CLANG_ENABLE_MODULES = YES;
				CLANG_ENABLE_OBJC_ARC = YES;
				CLANG_ENABLE_OBJC_WEAK = YES;
				CLANG_WARN_BLOCK_CAPTURE_AUTORELEASING = YES;
				CLANG_WARN_BOOL_CONVERSION = YES;
				CLANG_WARN_COMMA = YES;
				CLANG_WARN_CONSTANT_CONVERSION = YES;
				CLANG_WARN_DEPRECATED_OBJC_IMPLEMENTATIONS = YES;
				CLANG_WARN_DIRECT_OBJC_ISA_USAGE = YES_ERROR;
				CLANG_WARN_DOCUMENTATION_COMMENTS = YES;
				CLANG_WARN_EMPTY_BODY = YES;
				CLANG_WARN_ENUM_CONVERSION = YES;
				CLANG_WARN_INFINITE_RECURSION = YES;
				CLANG_WARN_INT_CONVERSION = YES;
				CLANG_WARN_NON_LITERAL_NULL_CONVERSION = YES;
				CLANG_WARN_OBJC_IMPLICIT_RETAIN_SELF = YES;
				CLANG_WARN_OBJC_LITERAL_CONVERSION = YES;
				CLANG_WARN_OBJC_ROOT_CLASS = YES_ERROR;
				CLANG_WARN_QUOTED_INCLUDE_IN_FRAMEWORK_HEADER = YES;
				CLANG_WARN_RANGE_LOOP_ANALYSIS = YES;
				CLANG_WARN_STRICT_PROTOTYPES = YES;
				CLANG_WARN_SUSPICIOUS_MOVE = YES;
				CLANG_WARN_UNGUARDED_AVAILABILITY = YES_AGGRESSIVE;
				CLANG_WARN_UNREACHABLE_CODE = YES;
				CLANG_WARN__DUPLICATE_METHOD_MATCH = YES;
				COPY_PHASE_STRIP = NO;
				DEBUG_INFORMATION_FORMAT = dwarf;
				ENABLE_STRICT_OBJC_MSGSEND = YES;
				ENABLE_TESTABILITY = YES;
				GCC_C_LANGUAGE_STANDARD = gnu11;
				GCC_DYNAMIC_NO_PIC = NO;
				GCC_NO_COMMON_BLOCKS = YES;
				GCC_OPTIMIZATION_LEVEL = 0;
				GCC_PREPROCESSOR_DEFINITIONS = (
					"DEBUG=1",
					"$(inherited)",
				);
				GCC_WARN_64_TO_32_BIT_CONVERSION = YES;
				GCC_WARN_ABOUT_RETURN_TYPE = YES_ERROR;
				GCC_WARN_UNDECLARED_SELECTOR = YES;
				GCC_WARN_UNINITIALIZED_AUTOS = YES_AGGRESSIVE;
				GCC_WARN_UNUSED_FUNCTION = YES;
				GCC_WARN_UNUSED_VARIABLE = YES;
				IPHONEOS_DEPLOYMENT_TARGET = 15.5;
				MTL_ENABLE_DEBUG_INFO = INCLUDE_SOURCE;
				MTL_FAST_MATH = YES;
				ONLY_ACTIVE_ARCH = YES;
				SDKROOT = iphoneos;
				SWIFT_ACTIVE_COMPILATION_CONDITIONS = DEBUG;
				SWIFT_OPTIMIZATION_LEVEL = "-Onone";
			};
			name = Debug;
		};
		F34F71BA292597F2005666B5 /* Release */ = {
			isa = XCBuildConfiguration;
			buildSettings = {
				ALWAYS_SEARCH_USER_PATHS = NO;
				CLANG_ANALYZER_NONNULL = YES;
				CLANG_ANALYZER_NUMBER_OBJECT_CONVERSION = YES_AGGRESSIVE;
				CLANG_CXX_LANGUAGE_STANDARD = "gnu++17";
				CLANG_ENABLE_MODULES = YES;
				CLANG_ENABLE_OBJC_ARC = YES;
				CLANG_ENABLE_OBJC_WEAK = YES;
				CLANG_WARN_BLOCK_CAPTURE_AUTORELEASING = YES;
				CLANG_WARN_BOOL_CONVERSION = YES;
				CLANG_WARN_COMMA = YES;
				CLANG_WARN_CONSTANT_CONVERSION = YES;
				CLANG_WARN_DEPRECATED_OBJC_IMPLEMENTATIONS = YES;
				CLANG_WARN_DIRECT_OBJC_ISA_USAGE = YES_ERROR;
				CLANG_WARN_DOCUMENTATION_COMMENTS = YES;
				CLANG_WARN_EMPTY_BODY = YES;
				CLANG_WARN_ENUM_CONVERSION = YES;
				CLANG_WARN_INFINITE_RECURSION = YES;
				CLANG_WARN_INT_CONVERSION = YES;
				CLANG_WARN_NON_LITERAL_NULL_CONVERSION = YES;
				CLANG_WARN_OBJC_IMPLICIT_RETAIN_SELF = YES;
				CLANG_WARN_OBJC_LITERAL_CONVERSION = YES;
				CLANG_WARN_OBJC_ROOT_CLASS = YES_ERROR;
				CLANG_WARN_QUOTED_INCLUDE_IN_FRAMEWORK_HEADER = YES;
				CLANG_WARN_RANGE_LOOP_ANALYSIS = YES;
				CLANG_WARN_STRICT_PROTOTYPES = YES;
				CLANG_WARN_SUSPICIOUS_MOVE = YES;
				CLANG_WARN_UNGUARDED_AVAILABILITY = YES_AGGRESSIVE;
				CLANG_WARN_UNREACHABLE_CODE = YES;
				CLANG_WARN__DUPLICATE_METHOD_MATCH = YES;
				COPY_PHASE_STRIP = NO;
				DEBUG_INFORMATION_FORMAT = "dwarf-with-dsym";
				ENABLE_NS_ASSERTIONS = NO;
				ENABLE_STRICT_OBJC_MSGSEND = YES;
				GCC_C_LANGUAGE_STANDARD = gnu11;
				GCC_NO_COMMON_BLOCKS = YES;
				GCC_WARN_64_TO_32_BIT_CONVERSION = YES;
				GCC_WARN_ABOUT_RETURN_TYPE = YES_ERROR;
				GCC_WARN_UNDECLARED_SELECTOR = YES;
				GCC_WARN_UNINITIALIZED_AUTOS = YES_AGGRESSIVE;
				GCC_WARN_UNUSED_FUNCTION = YES;
				GCC_WARN_UNUSED_VARIABLE = YES;
				IPHONEOS_DEPLOYMENT_TARGET = 15.5;
				MTL_ENABLE_DEBUG_INFO = NO;
				MTL_FAST_MATH = YES;
				SDKROOT = iphoneos;
				SWIFT_COMPILATION_MODE = wholemodule;
				SWIFT_OPTIMIZATION_LEVEL = "-O";
				VALIDATE_PRODUCT = YES;
			};
			name = Release;
		};
		F34F71BC292597F2005666B5 /* Debug */ = {
			isa = XCBuildConfiguration;
			buildSettings = {
				ASSETCATALOG_COMPILER_APPICON_NAME = AppIcon;
				ASSETCATALOG_COMPILER_GLOBAL_ACCENT_COLOR_NAME = AccentColor;
				CODE_SIGN_STYLE = Automatic;
				CURRENT_PROJECT_VERSION = 1;
				DEVELOPMENT_TEAM = PLYGGAKJR4;
				GENERATE_INFOPLIST_FILE = YES;
				INFOPLIST_FILE = "Personal Quiz/Info.plist";
				INFOPLIST_KEY_UIApplicationSupportsIndirectInputEvents = YES;
				INFOPLIST_KEY_UILaunchStoryboardName = LaunchScreen;
				INFOPLIST_KEY_UIMainStoryboardFile = Main;
				INFOPLIST_KEY_UISupportedInterfaceOrientations_iPad = "UIInterfaceOrientationPortrait UIInterfaceOrientationPortraitUpsideDown UIInterfaceOrientationLandscapeLeft UIInterfaceOrientationLandscapeRight";
				INFOPLIST_KEY_UISupportedInterfaceOrientations_iPhone = "UIInterfaceOrientationPortrait UIInterfaceOrientationLandscapeLeft UIInterfaceOrientationLandscapeRight";
				LD_RUNPATH_SEARCH_PATHS = (
					"$(inherited)",
					"@executable_path/Frameworks",
				);
				MARKETING_VERSION = 1.0;
				PRODUCT_BUNDLE_IDENTIFIER = "my.com.organization.Personal-Quiz";
				PRODUCT_NAME = "$(TARGET_NAME)";
				SWIFT_EMIT_LOC_STRINGS = YES;
				SWIFT_VERSION = 5.0;
				TARGETED_DEVICE_FAMILY = "1,2";
			};
			name = Debug;
		};
		F34F71BD292597F2005666B5 /* Release */ = {
			isa = XCBuildConfiguration;
			buildSettings = {
				ASSETCATALOG_COMPILER_APPICON_NAME = AppIcon;
				ASSETCATALOG_COMPILER_GLOBAL_ACCENT_COLOR_NAME = AccentColor;
				CODE_SIGN_STYLE = Automatic;
				CURRENT_PROJECT_VERSION = 1;
				DEVELOPMENT_TEAM = PLYGGAKJR4;
				GENERATE_INFOPLIST_FILE = YES;
				INFOPLIST_FILE = "Personal Quiz/Info.plist";
				INFOPLIST_KEY_UIApplicationSupportsIndirectInputEvents = YES;
				INFOPLIST_KEY_UILaunchStoryboardName = LaunchScreen;
				INFOPLIST_KEY_UIMainStoryboardFile = Main;
				INFOPLIST_KEY_UISupportedInterfaceOrientations_iPad = "UIInterfaceOrientationPortrait UIInterfaceOrientationPortraitUpsideDown UIInterfaceOrientationLandscapeLeft UIInterfaceOrientationLandscapeRight";
				INFOPLIST_KEY_UISupportedInterfaceOrientations_iPhone = "UIInterfaceOrientationPortrait UIInterfaceOrientationLandscapeLeft UIInterfaceOrientationLandscapeRight";
				LD_RUNPATH_SEARCH_PATHS = (
					"$(inherited)",
					"@executable_path/Frameworks",
				);
				MARKETING_VERSION = 1.0;
				PRODUCT_BUNDLE_IDENTIFIER = "my.com.organization.Personal-Quiz";
				PRODUCT_NAME = "$(TARGET_NAME)";
				SWIFT_EMIT_LOC_STRINGS = YES;
				SWIFT_VERSION = 5.0;
				TARGETED_DEVICE_FAMILY = "1,2";
			};
			name = Release;
		};
/* End XCBuildConfiguration section */

/* Begin XCConfigurationList section */
		F34F71A2292597F0005666B5 /* Build configuration list for PBXProject "Personal Quiz" */ = {
			isa = XCConfigurationList;
			buildConfigurations = (
				F34F71B9292597F2005666B5 /* Debug */,
				F34F71BA292597F2005666B5 /* Release */,
			);
			defaultConfigurationIsVisible = 0;
			defaultConfigurationName = Release;
		};
		F34F71BB292597F2005666B5 /* Build configuration list for PBXNativeTarget "Personal Quiz" */ = {
			isa = XCConfigurationList;
			buildConfigurations = (
				F34F71BC292597F2005666B5 /* Debug */,
				F34F71BD292597F2005666B5 /* Release */,
			);
			defaultConfigurationIsVisible = 0;
			defaultConfigurationName = Release;
		};
/* End XCConfigurationList section */
	};
	rootObject = F34F719F292597F0005666B5 /* Project object */;
}
